
Microsoft Visual Studio Solution File, Format Version 12.00
# Visual Studio 15
VisualStudioVersion = 15.0.26823.1
MinimumVisualStudioVersion = 10.0.40219.1
Project("{FAE04EC0-301F-11D3-BF4B-00C04F79EFBC}") = "Common", "Common\Common.csproj", "{0953D1E5-7CA1-4955-B5EB-79BEB301E885}"
EndProject
Project("{FAE04EC0-301F-11D3-BF4B-00C04F79EFBC}") = "EtoApp", "Eto\EtoApp\EtoApp.csproj", "{673E6B07-DA73-4A4D-B02F-76E51EC03A3C}"
EndProject
Project("{FAE04EC0-301F-11D3-BF4B-00C04F79EFBC}") = "EtoApp.GTK", "Eto\EtoApp.GTK\EtoApp.GTK.csproj", "{3190773A-6B07-4E36-A0E9-4739AD3BCAF8}"
EndProject
Project("{FAE04EC0-301F-11D3-BF4B-00C04F79EFBC}") = "EtoApp.WPF", "Eto\EtoApp.WPF\EtoApp.WPF.csproj", "{F049441F-6D9D-45F6-BDB8-5BC585FB0631}"
EndProject
Project("{FAE04EC0-301F-11D3-BF4B-00C04F79EFBC}") = "XamarinApp", "Xamarin\XamarinApp\XamarinApp.csproj", "{8626B03D-2C90-4230-AA03-7EAD41258D05}"
EndProject
Project("{FAE04EC0-301F-11D3-BF4B-00C04F79EFBC}") = "XamarinApp.Android", "Xamarin\XamarinApp.Android\XamarinApp.Android.csproj", "{BD55A3AB-A75B-4B60-863E-AED5F466EF68}"
EndProject
Project("{FAE04EC0-301F-11D3-BF4B-00C04F79EFBC}") = "XamarinApp.iOS", "Xamarin\XamarinApp.iOS\XamarinApp.iOS.csproj", "{69241397-1C0E-4F52-BCA8-78E05CD812B1}"
EndProject
Project("{FAE04EC0-301F-11D3-BF4B-00C04F79EFBC}") = "XamarinApp.UWP", "Xamarin\XamarinApp.UWP\XamarinApp.UWP.csproj", "{FBFC5C69-D815-4DAA-8CF4-02F19D1B7675}"
EndProject
Global
	GlobalSection(SolutionConfigurationPlatforms) = preSolution
		Ad-Hoc|Any CPU = Ad-Hoc|Any CPU
		Ad-Hoc|ARM = Ad-Hoc|ARM
		Ad-Hoc|iPhone = Ad-Hoc|iPhone
		Ad-Hoc|iPhoneSimulator = Ad-Hoc|iPhoneSimulator
		Ad-Hoc|x64 = Ad-Hoc|x64
		Ad-Hoc|x86 = Ad-Hoc|x86
		AppStore|Any CPU = AppStore|Any CPU
		AppStore|ARM = AppStore|ARM
		AppStore|iPhone = AppStore|iPhone
		AppStore|iPhoneSimulator = AppStore|iPhoneSimulator
		AppStore|x64 = AppStore|x64
		AppStore|x86 = AppStore|x86
		Debug|Any CPU = Debug|Any CPU
		Debug|ARM = Debug|ARM
		Debug|iPhone = Debug|iPhone
		Debug|iPhoneSimulator = Debug|iPhoneSimulator
		Debug|x64 = Debug|x64
		Debug|x86 = Debug|x86
		Release|Any CPU = Release|Any CPU
		Release|ARM = Release|ARM
		Release|iPhone = Release|iPhone
		Release|iPhoneSimulator = Release|iPhoneSimulator
		Release|x64 = Release|x64
		Release|x86 = Release|x86
	EndGlobalSection
	GlobalSection(ProjectConfigurationPlatforms) = postSolution
		{0953D1E5-7CA1-4955-B5EB-79BEB301E885}.Ad-Hoc|Any CPU.ActiveCfg = Release|Any CPU
		{0953D1E5-7CA1-4955-B5EB-79BEB301E885}.Ad-Hoc|Any CPU.Build.0 = Release|Any CPU
		{0953D1E5-7CA1-4955-B5EB-79BEB301E885}.Ad-Hoc|ARM.ActiveCfg = Release|Any CPU
		{0953D1E5-7CA1-4955-B5EB-79BEB301E885}.Ad-Hoc|ARM.Build.0 = Release|Any CPU
		{0953D1E5-7CA1-4955-B5EB-79BEB301E885}.Ad-Hoc|iPhone.ActiveCfg = Release|Any CPU
		{0953D1E5-7CA1-4955-B5EB-79BEB301E885}.Ad-Hoc|iPhone.Build.0 = Release|Any CPU
		{0953D1E5-7CA1-4955-B5EB-79BEB301E885}.Ad-Hoc|iPhoneSimulator.ActiveCfg = Release|Any CPU
		{0953D1E5-7CA1-4955-B5EB-79BEB301E885}.Ad-Hoc|iPhoneSimulator.Build.0 = Release|Any CPU
		{0953D1E5-7CA1-4955-B5EB-79BEB301E885}.Ad-Hoc|x64.ActiveCfg = Release|Any CPU
		{0953D1E5-7CA1-4955-B5EB-79BEB301E885}.Ad-Hoc|x64.Build.0 = Release|Any CPU
		{0953D1E5-7CA1-4955-B5EB-79BEB301E885}.Ad-Hoc|x86.ActiveCfg = Release|Any CPU
		{0953D1E5-7CA1-4955-B5EB-79BEB301E885}.Ad-Hoc|x86.Build.0 = Release|Any CPU
		{0953D1E5-7CA1-4955-B5EB-79BEB301E885}.AppStore|Any CPU.ActiveCfg = Release|Any CPU
		{0953D1E5-7CA1-4955-B5EB-79BEB301E885}.AppStore|Any CPU.Build.0 = Release|Any CPU
		{0953D1E5-7CA1-4955-B5EB-79BEB301E885}.AppStore|ARM.ActiveCfg = Release|Any CPU
		{0953D1E5-7CA1-4955-B5EB-79BEB301E885}.AppStore|ARM.Build.0 = Release|Any CPU
		{0953D1E5-7CA1-4955-B5EB-79BEB301E885}.AppStore|iPhone.ActiveCfg = Release|Any CPU
		{0953D1E5-7CA1-4955-B5EB-79BEB301E885}.AppStore|iPhone.Build.0 = Release|Any CPU
		{0953D1E5-7CA1-4955-B5EB-79BEB301E885}.AppStore|iPhoneSimulator.ActiveCfg = Release|Any CPU
		{0953D1E5-7CA1-4955-B5EB-79BEB301E885}.AppStore|iPhoneSimulator.Build.0 = Release|Any CPU
		{0953D1E5-7CA1-4955-B5EB-79BEB301E885}.AppStore|x64.ActiveCfg = Release|Any CPU
		{0953D1E5-7CA1-4955-B5EB-79BEB301E885}.AppStore|x64.Build.0 = Release|Any CPU
		{0953D1E5-7CA1-4955-B5EB-79BEB301E885}.AppStore|x86.ActiveCfg = Release|Any CPU
		{0953D1E5-7CA1-4955-B5EB-79BEB301E885}.AppStore|x86.Build.0 = Release|Any CPU
		{0953D1E5-7CA1-4955-B5EB-79BEB301E885}.Debug|Any CPU.ActiveCfg = Debug|Any CPU
		{0953D1E5-7CA1-4955-B5EB-79BEB301E885}.Debug|Any CPU.Build.0 = Debug|Any CPU
		{0953D1E5-7CA1-4955-B5EB-79BEB301E885}.Debug|ARM.ActiveCfg = Debug|Any CPU
		{0953D1E5-7CA1-4955-B5EB-79BEB301E885}.Debug|ARM.Build.0 = Debug|Any CPU
		{0953D1E5-7CA1-4955-B5EB-79BEB301E885}.Debug|iPhone.ActiveCfg = Debug|Any CPU
		{0953D1E5-7CA1-4955-B5EB-79BEB301E885}.Debug|iPhone.Build.0 = Debug|Any CPU
		{0953D1E5-7CA1-4955-B5EB-79BEB301E885}.Debug|iPhoneSimulator.ActiveCfg = Debug|Any CPU
		{0953D1E5-7CA1-4955-B5EB-79BEB301E885}.Debug|x64.ActiveCfg = Debug|Any CPU
		{0953D1E5-7CA1-4955-B5EB-79BEB301E885}.Debug|x64.Build.0 = Debug|Any CPU
		{0953D1E5-7CA1-4955-B5EB-79BEB301E885}.Debug|x86.ActiveCfg = Debug|Any CPU
		{0953D1E5-7CA1-4955-B5EB-79BEB301E885}.Debug|x86.Build.0 = Debug|Any CPU
		{0953D1E5-7CA1-4955-B5EB-79BEB301E885}.Release|Any CPU.ActiveCfg = Release|Any CPU
		{0953D1E5-7CA1-4955-B5EB-79BEB301E885}.Release|Any CPU.Build.0 = Release|Any CPU
		{0953D1E5-7CA1-4955-B5EB-79BEB301E885}.Release|ARM.ActiveCfg = Release|Any CPU
		{0953D1E5-7CA1-4955-B5EB-79BEB301E885}.Release|ARM.Build.0 = Release|Any CPU
		{0953D1E5-7CA1-4955-B5EB-79BEB301E885}.Release|iPhone.ActiveCfg = Release|Any CPU
		{0953D1E5-7CA1-4955-B5EB-79BEB301E885}.Release|iPhone.Build.0 = Release|Any CPU
		{0953D1E5-7CA1-4955-B5EB-79BEB301E885}.Release|iPhoneSimulator.ActiveCfg = Release|Any CPU
		{0953D1E5-7CA1-4955-B5EB-79BEB301E885}.Release|iPhoneSimulator.Build.0 = Release|Any CPU
		{0953D1E5-7CA1-4955-B5EB-79BEB301E885}.Release|x64.ActiveCfg = Release|Any CPU
		{0953D1E5-7CA1-4955-B5EB-79BEB301E885}.Release|x64.Build.0 = Release|Any CPU
		{0953D1E5-7CA1-4955-B5EB-79BEB301E885}.Release|x86.ActiveCfg = Release|Any CPU
		{0953D1E5-7CA1-4955-B5EB-79BEB301E885}.Release|x86.Build.0 = Release|Any CPU
		{673E6B07-DA73-4A4D-B02F-76E51EC03A3C}.Ad-Hoc|Any CPU.ActiveCfg = Release|Any CPU
		{673E6B07-DA73-4A4D-B02F-76E51EC03A3C}.Ad-Hoc|Any CPU.Build.0 = Release|Any CPU
		{673E6B07-DA73-4A4D-B02F-76E51EC03A3C}.Ad-Hoc|ARM.ActiveCfg = Release|Any CPU
		{673E6B07-DA73-4A4D-B02F-76E51EC03A3C}.Ad-Hoc|ARM.Build.0 = Release|Any CPU
		{673E6B07-DA73-4A4D-B02F-76E51EC03A3C}.Ad-Hoc|iPhone.ActiveCfg = Release|Any CPU
		{673E6B07-DA73-4A4D-B02F-76E51EC03A3C}.Ad-Hoc|iPhone.Build.0 = Release|Any CPU
		{673E6B07-DA73-4A4D-B02F-76E51EC03A3C}.Ad-Hoc|iPhoneSimulator.ActiveCfg = Release|Any CPU
		{673E6B07-DA73-4A4D-B02F-76E51EC03A3C}.Ad-Hoc|iPhoneSimulator.Build.0 = Release|Any CPU
		{673E6B07-DA73-4A4D-B02F-76E51EC03A3C}.Ad-Hoc|x64.ActiveCfg = Release|Any CPU
		{673E6B07-DA73-4A4D-B02F-76E51EC03A3C}.Ad-Hoc|x64.Build.0 = Release|Any CPU
		{673E6B07-DA73-4A4D-B02F-76E51EC03A3C}.Ad-Hoc|x86.ActiveCfg = Release|Any CPU
		{673E6B07-DA73-4A4D-B02F-76E51EC03A3C}.Ad-Hoc|x86.Build.0 = Release|Any CPU
		{673E6B07-DA73-4A4D-B02F-76E51EC03A3C}.AppStore|Any CPU.ActiveCfg = Release|Any CPU
		{673E6B07-DA73-4A4D-B02F-76E51EC03A3C}.AppStore|Any CPU.Build.0 = Release|Any CPU
		{673E6B07-DA73-4A4D-B02F-76E51EC03A3C}.AppStore|ARM.ActiveCfg = Release|Any CPU
		{673E6B07-DA73-4A4D-B02F-76E51EC03A3C}.AppStore|ARM.Build.0 = Release|Any CPU
		{673E6B07-DA73-4A4D-B02F-76E51EC03A3C}.AppStore|iPhone.ActiveCfg = Release|Any CPU
		{673E6B07-DA73-4A4D-B02F-76E51EC03A3C}.AppStore|iPhone.Build.0 = Release|Any CPU
		{673E6B07-DA73-4A4D-B02F-76E51EC03A3C}.AppStore|iPhoneSimulator.ActiveCfg = Release|Any CPU
		{673E6B07-DA73-4A4D-B02F-76E51EC03A3C}.AppStore|iPhoneSimulator.Build.0 = Release|Any CPU
		{673E6B07-DA73-4A4D-B02F-76E51EC03A3C}.AppStore|x64.ActiveCfg = Release|Any CPU
		{673E6B07-DA73-4A4D-B02F-76E51EC03A3C}.AppStore|x64.Build.0 = Release|Any CPU
		{673E6B07-DA73-4A4D-B02F-76E51EC03A3C}.AppStore|x86.ActiveCfg = Release|Any CPU
		{673E6B07-DA73-4A4D-B02F-76E51EC03A3C}.AppStore|x86.Build.0 = Release|Any CPU
		{673E6B07-DA73-4A4D-B02F-76E51EC03A3C}.Debug|Any CPU.ActiveCfg = Debug|Any CPU
		{673E6B07-DA73-4A4D-B02F-76E51EC03A3C}.Debug|Any CPU.Build.0 = Debug|Any CPU
		{673E6B07-DA73-4A4D-B02F-76E51EC03A3C}.Debug|ARM.ActiveCfg = Debug|Any CPU
		{673E6B07-DA73-4A4D-B02F-76E51EC03A3C}.Debug|ARM.Build.0 = Debug|Any CPU
		{673E6B07-DA73-4A4D-B02F-76E51EC03A3C}.Debug|iPhone.ActiveCfg = Debug|Any CPU
		{673E6B07-DA73-4A4D-B02F-76E51EC03A3C}.Debug|iPhone.Build.0 = Debug|Any CPU
		{673E6B07-DA73-4A4D-B02F-76E51EC03A3C}.Debug|iPhoneSimulator.ActiveCfg = Debug|Any CPU
		{673E6B07-DA73-4A4D-B02F-76E51EC03A3C}.Debug|x64.ActiveCfg = Debug|Any CPU
		{673E6B07-DA73-4A4D-B02F-76E51EC03A3C}.Debug|x64.Build.0 = Debug|Any CPU
		{673E6B07-DA73-4A4D-B02F-76E51EC03A3C}.Debug|x86.ActiveCfg = Debug|Any CPU
		{673E6B07-DA73-4A4D-B02F-76E51EC03A3C}.Debug|x86.Build.0 = Debug|Any CPU
		{673E6B07-DA73-4A4D-B02F-76E51EC03A3C}.Release|Any CPU.ActiveCfg = Release|Any CPU
		{673E6B07-DA73-4A4D-B02F-76E51EC03A3C}.Release|Any CPU.Build.0 = Release|Any CPU
		{673E6B07-DA73-4A4D-B02F-76E51EC03A3C}.Release|ARM.ActiveCfg = Release|Any CPU
		{673E6B07-DA73-4A4D-B02F-76E51EC03A3C}.Release|ARM.Build.0 = Release|Any CPU
		{673E6B07-DA73-4A4D-B02F-76E51EC03A3C}.Release|iPhone.ActiveCfg = Release|Any CPU
		{673E6B07-DA73-4A4D-B02F-76E51EC03A3C}.Release|iPhone.Build.0 = Release|Any CPU
		{673E6B07-DA73-4A4D-B02F-76E51EC03A3C}.Release|iPhoneSimulator.ActiveCfg = Release|Any CPU
		{673E6B07-DA73-4A4D-B02F-76E51EC03A3C}.Release|iPhoneSimulator.Build.0 = Release|Any CPU
		{673E6B07-DA73-4A4D-B02F-76E51EC03A3C}.Release|x64.ActiveCfg = Release|Any CPU
		{673E6B07-DA73-4A4D-B02F-76E51EC03A3C}.Release|x64.Build.0 = Release|Any CPU
		{673E6B07-DA73-4A4D-B02F-76E51EC03A3C}.Release|x86.ActiveCfg = Release|Any CPU
		{673E6B07-DA73-4A4D-B02F-76E51EC03A3C}.Release|x86.Build.0 = Release|Any CPU
		{3190773A-6B07-4E36-A0E9-4739AD3BCAF8}.Ad-Hoc|Any CPU.ActiveCfg = Release|Any CPU
		{3190773A-6B07-4E36-A0E9-4739AD3BCAF8}.Ad-Hoc|Any CPU.Build.0 = Release|Any CPU
		{3190773A-6B07-4E36-A0E9-4739AD3BCAF8}.Ad-Hoc|ARM.ActiveCfg = Release|Any CPU
		{3190773A-6B07-4E36-A0E9-4739AD3BCAF8}.Ad-Hoc|ARM.Build.0 = Release|Any CPU
		{3190773A-6B07-4E36-A0E9-4739AD3BCAF8}.Ad-Hoc|iPhone.ActiveCfg = Release|Any CPU
		{3190773A-6B07-4E36-A0E9-4739AD3BCAF8}.Ad-Hoc|iPhone.Build.0 = Release|Any CPU
		{3190773A-6B07-4E36-A0E9-4739AD3BCAF8}.Ad-Hoc|iPhoneSimulator.ActiveCfg = Release|Any CPU
		{3190773A-6B07-4E36-A0E9-4739AD3BCAF8}.Ad-Hoc|iPhoneSimulator.Build.0 = Release|Any CPU
		{3190773A-6B07-4E36-A0E9-4739AD3BCAF8}.Ad-Hoc|x64.ActiveCfg = Release|Any CPU
		{3190773A-6B07-4E36-A0E9-4739AD3BCAF8}.Ad-Hoc|x64.Build.0 = Release|Any CPU
		{3190773A-6B07-4E36-A0E9-4739AD3BCAF8}.Ad-Hoc|x86.ActiveCfg = Release|Any CPU
		{3190773A-6B07-4E36-A0E9-4739AD3BCAF8}.Ad-Hoc|x86.Build.0 = Release|Any CPU
		{3190773A-6B07-4E36-A0E9-4739AD3BCAF8}.AppStore|Any CPU.ActiveCfg = Release|Any CPU
		{3190773A-6B07-4E36-A0E9-4739AD3BCAF8}.AppStore|Any CPU.Build.0 = Release|Any CPU
		{3190773A-6B07-4E36-A0E9-4739AD3BCAF8}.AppStore|ARM.ActiveCfg = Release|Any CPU
		{3190773A-6B07-4E36-A0E9-4739AD3BCAF8}.AppStore|ARM.Build.0 = Release|Any CPU
		{3190773A-6B07-4E36-A0E9-4739AD3BCAF8}.AppStore|iPhone.ActiveCfg = Release|Any CPU
		{3190773A-6B07-4E36-A0E9-4739AD3BCAF8}.AppStore|iPhone.Build.0 = Release|Any CPU
		{3190773A-6B07-4E36-A0E9-4739AD3BCAF8}.AppStore|iPhoneSimulator.ActiveCfg = Release|Any CPU
		{3190773A-6B07-4E36-A0E9-4739AD3BCAF8}.AppStore|iPhoneSimulator.Build.0 = Release|Any CPU
		{3190773A-6B07-4E36-A0E9-4739AD3BCAF8}.AppStore|x64.ActiveCfg = Release|Any CPU
		{3190773A-6B07-4E36-A0E9-4739AD3BCAF8}.AppStore|x64.Build.0 = Release|Any CPU
		{3190773A-6B07-4E36-A0E9-4739AD3BCAF8}.AppStore|x86.ActiveCfg = Release|Any CPU
		{3190773A-6B07-4E36-A0E9-4739AD3BCAF8}.AppStore|x86.Build.0 = Release|Any CPU
		{3190773A-6B07-4E36-A0E9-4739AD3BCAF8}.Debug|Any CPU.ActiveCfg = Debug|Any CPU
		{3190773A-6B07-4E36-A0E9-4739AD3BCAF8}.Debug|Any CPU.Build.0 = Debug|Any CPU
		{3190773A-6B07-4E36-A0E9-4739AD3BCAF8}.Debug|ARM.ActiveCfg = Debug|Any CPU
		{3190773A-6B07-4E36-A0E9-4739AD3BCAF8}.Debug|ARM.Build.0 = Debug|Any CPU
		{3190773A-6B07-4E36-A0E9-4739AD3BCAF8}.Debug|iPhone.ActiveCfg = Debug|Any CPU
		{3190773A-6B07-4E36-A0E9-4739AD3BCAF8}.Debug|iPhone.Build.0 = Debug|Any CPU
		{3190773A-6B07-4E36-A0E9-4739AD3BCAF8}.Debug|iPhoneSimulator.ActiveCfg = Debug|Any CPU
		{3190773A-6B07-4E36-A0E9-4739AD3BCAF8}.Debug|x64.ActiveCfg = Debug|Any CPU
		{3190773A-6B07-4E36-A0E9-4739AD3BCAF8}.Debug|x64.Build.0 = Debug|Any CPU
		{3190773A-6B07-4E36-A0E9-4739AD3BCAF8}.Debug|x86.ActiveCfg = Debug|Any CPU
		{3190773A-6B07-4E36-A0E9-4739AD3BCAF8}.Debug|x86.Build.0 = Debug|Any CPU
		{3190773A-6B07-4E36-A0E9-4739AD3BCAF8}.Release|Any CPU.ActiveCfg = Release|Any CPU
		{3190773A-6B07-4E36-A0E9-4739AD3BCAF8}.Release|Any CPU.Build.0 = Release|Any CPU
		{3190773A-6B07-4E36-A0E9-4739AD3BCAF8}.Release|ARM.ActiveCfg = Release|Any CPU
		{3190773A-6B07-4E36-A0E9-4739AD3BCAF8}.Release|ARM.Build.0 = Release|Any CPU
		{3190773A-6B07-4E36-A0E9-4739AD3BCAF8}.Release|iPhone.ActiveCfg = Release|Any CPU
		{3190773A-6B07-4E36-A0E9-4739AD3BCAF8}.Release|iPhone.Build.0 = Release|Any CPU
		{3190773A-6B07-4E36-A0E9-4739AD3BCAF8}.Release|iPhoneSimulator.ActiveCfg = Release|Any CPU
		{3190773A-6B07-4E36-A0E9-4739AD3BCAF8}.Release|iPhoneSimulator.Build.0 = Release|Any CPU
		{3190773A-6B07-4E36-A0E9-4739AD3BCAF8}.Release|x64.ActiveCfg = Release|Any CPU
		{3190773A-6B07-4E36-A0E9-4739AD3BCAF8}.Release|x64.Build.0 = Release|Any CPU
		{3190773A-6B07-4E36-A0E9-4739AD3BCAF8}.Release|x86.ActiveCfg = Release|Any CPU
		{3190773A-6B07-4E36-A0E9-4739AD3BCAF8}.Release|x86.Build.0 = Release|Any CPU
		{F049441F-6D9D-45F6-BDB8-5BC585FB0631}.Ad-Hoc|Any CPU.ActiveCfg = Release|Any CPU
		{F049441F-6D9D-45F6-BDB8-5BC585FB0631}.Ad-Hoc|Any CPU.Build.0 = Release|Any CPU
		{F049441F-6D9D-45F6-BDB8-5BC585FB0631}.Ad-Hoc|ARM.ActiveCfg = Release|Any CPU
		{F049441F-6D9D-45F6-BDB8-5BC585FB0631}.Ad-Hoc|ARM.Build.0 = Release|Any CPU
		{F049441F-6D9D-45F6-BDB8-5BC585FB0631}.Ad-Hoc|iPhone.ActiveCfg = Release|Any CPU
		{F049441F-6D9D-45F6-BDB8-5BC585FB0631}.Ad-Hoc|iPhone.Build.0 = Release|Any CPU
		{F049441F-6D9D-45F6-BDB8-5BC585FB0631}.Ad-Hoc|iPhoneSimulator.ActiveCfg = Release|Any CPU
		{F049441F-6D9D-45F6-BDB8-5BC585FB0631}.Ad-Hoc|iPhoneSimulator.Build.0 = Release|Any CPU
		{F049441F-6D9D-45F6-BDB8-5BC585FB0631}.Ad-Hoc|x64.ActiveCfg = Release|Any CPU
		{F049441F-6D9D-45F6-BDB8-5BC585FB0631}.Ad-Hoc|x64.Build.0 = Release|Any CPU
		{F049441F-6D9D-45F6-BDB8-5BC585FB0631}.Ad-Hoc|x86.ActiveCfg = Release|Any CPU
		{F049441F-6D9D-45F6-BDB8-5BC585FB0631}.Ad-Hoc|x86.Build.0 = Release|Any CPU
		{F049441F-6D9D-45F6-BDB8-5BC585FB0631}.AppStore|Any CPU.ActiveCfg = Release|Any CPU
		{F049441F-6D9D-45F6-BDB8-5BC585FB0631}.AppStore|Any CPU.Build.0 = Release|Any CPU
		{F049441F-6D9D-45F6-BDB8-5BC585FB0631}.AppStore|ARM.ActiveCfg = Release|Any CPU
		{F049441F-6D9D-45F6-BDB8-5BC585FB0631}.AppStore|ARM.Build.0 = Release|Any CPU
		{F049441F-6D9D-45F6-BDB8-5BC585FB0631}.AppStore|iPhone.ActiveCfg = Release|Any CPU
		{F049441F-6D9D-45F6-BDB8-5BC585FB0631}.AppStore|iPhone.Build.0 = Release|Any CPU
		{F049441F-6D9D-45F6-BDB8-5BC585FB0631}.AppStore|iPhoneSimulator.ActiveCfg = Release|Any CPU
		{F049441F-6D9D-45F6-BDB8-5BC585FB0631}.AppStore|iPhoneSimulator.Build.0 = Release|Any CPU
		{F049441F-6D9D-45F6-BDB8-5BC585FB0631}.AppStore|x64.ActiveCfg = Release|Any CPU
		{F049441F-6D9D-45F6-BDB8-5BC585FB0631}.AppStore|x64.Build.0 = Release|Any CPU
		{F049441F-6D9D-45F6-BDB8-5BC585FB0631}.AppStore|x86.ActiveCfg = Release|Any CPU
		{F049441F-6D9D-45F6-BDB8-5BC585FB0631}.AppStore|x86.Build.0 = Release|Any CPU
		{F049441F-6D9D-45F6-BDB8-5BC585FB0631}.Debug|Any CPU.ActiveCfg = Debug|Any CPU
		{F049441F-6D9D-45F6-BDB8-5BC585FB0631}.Debug|Any CPU.Build.0 = Debug|Any CPU
		{F049441F-6D9D-45F6-BDB8-5BC585FB0631}.Debug|ARM.ActiveCfg = Debug|Any CPU
		{F049441F-6D9D-45F6-BDB8-5BC585FB0631}.Debug|ARM.Build.0 = Debug|Any CPU
		{F049441F-6D9D-45F6-BDB8-5BC585FB0631}.Debug|iPhone.ActiveCfg = Debug|Any CPU
		{F049441F-6D9D-45F6-BDB8-5BC585FB0631}.Debug|iPhone.Build.0 = Debug|Any CPU
		{F049441F-6D9D-45F6-BDB8-5BC585FB0631}.Debug|iPhoneSimulator.ActiveCfg = Debug|Any CPU
		{F049441F-6D9D-45F6-BDB8-5BC585FB0631}.Debug|x64.ActiveCfg = Debug|Any CPU
		{F049441F-6D9D-45F6-BDB8-5BC585FB0631}.Debug|x64.Build.0 = Debug|Any CPU
		{F049441F-6D9D-45F6-BDB8-5BC585FB0631}.Debug|x86.ActiveCfg = Debug|Any CPU
		{F049441F-6D9D-45F6-BDB8-5BC585FB0631}.Debug|x86.Build.0 = Debug|Any CPU
		{F049441F-6D9D-45F6-BDB8-5BC585FB0631}.Release|Any CPU.ActiveCfg = Release|Any CPU
		{F049441F-6D9D-45F6-BDB8-5BC585FB0631}.Release|Any CPU.Build.0 = Release|Any CPU
		{F049441F-6D9D-45F6-BDB8-5BC585FB0631}.Release|ARM.ActiveCfg = Release|Any CPU
		{F049441F-6D9D-45F6-BDB8-5BC585FB0631}.Release|ARM.Build.0 = Release|Any CPU
		{F049441F-6D9D-45F6-BDB8-5BC585FB0631}.Release|iPhone.ActiveCfg = Release|Any CPU
		{F049441F-6D9D-45F6-BDB8-5BC585FB0631}.Release|iPhone.Build.0 = Release|Any CPU
		{F049441F-6D9D-45F6-BDB8-5BC585FB0631}.Release|iPhoneSimulator.ActiveCfg = Release|Any CPU
		{F049441F-6D9D-45F6-BDB8-5BC585FB0631}.Release|iPhoneSimulator.Build.0 = Release|Any CPU
		{F049441F-6D9D-45F6-BDB8-5BC585FB0631}.Release|x64.ActiveCfg = Release|Any CPU
		{F049441F-6D9D-45F6-BDB8-5BC585FB0631}.Release|x64.Build.0 = Release|Any CPU
		{F049441F-6D9D-45F6-BDB8-5BC585FB0631}.Release|x86.ActiveCfg = Release|Any CPU
		{F049441F-6D9D-45F6-BDB8-5BC585FB0631}.Release|x86.Build.0 = Release|Any CPU
		{8626B03D-2C90-4230-AA03-7EAD41258D05}.Ad-Hoc|Any CPU.ActiveCfg = Release|Any CPU
		{8626B03D-2C90-4230-AA03-7EAD41258D05}.Ad-Hoc|Any CPU.Build.0 = Release|Any CPU
		{8626B03D-2C90-4230-AA03-7EAD41258D05}.Ad-Hoc|ARM.ActiveCfg = Release|Any CPU
		{8626B03D-2C90-4230-AA03-7EAD41258D05}.Ad-Hoc|ARM.Build.0 = Release|Any CPU
		{8626B03D-2C90-4230-AA03-7EAD41258D05}.Ad-Hoc|iPhone.ActiveCfg = Release|Any CPU
		{8626B03D-2C90-4230-AA03-7EAD41258D05}.Ad-Hoc|iPhone.Build.0 = Release|Any CPU
		{8626B03D-2C90-4230-AA03-7EAD41258D05}.Ad-Hoc|iPhoneSimulator.ActiveCfg = Release|Any CPU
		{8626B03D-2C90-4230-AA03-7EAD41258D05}.Ad-Hoc|iPhoneSimulator.Build.0 = Release|Any CPU
		{8626B03D-2C90-4230-AA03-7EAD41258D05}.Ad-Hoc|x64.ActiveCfg = Release|Any CPU
		{8626B03D-2C90-4230-AA03-7EAD41258D05}.Ad-Hoc|x64.Build.0 = Release|Any CPU
		{8626B03D-2C90-4230-AA03-7EAD41258D05}.Ad-Hoc|x86.ActiveCfg = Release|Any CPU
		{8626B03D-2C90-4230-AA03-7EAD41258D05}.Ad-Hoc|x86.Build.0 = Release|Any CPU
		{8626B03D-2C90-4230-AA03-7EAD41258D05}.AppStore|Any CPU.ActiveCfg = Release|Any CPU
		{8626B03D-2C90-4230-AA03-7EAD41258D05}.AppStore|Any CPU.Build.0 = Release|Any CPU
		{8626B03D-2C90-4230-AA03-7EAD41258D05}.AppStore|ARM.ActiveCfg = Release|Any CPU
		{8626B03D-2C90-4230-AA03-7EAD41258D05}.AppStore|ARM.Build.0 = Release|Any CPU
		{8626B03D-2C90-4230-AA03-7EAD41258D05}.AppStore|iPhone.ActiveCfg = Release|Any CPU
		{8626B03D-2C90-4230-AA03-7EAD41258D05}.AppStore|iPhone.Build.0 = Release|Any CPU
		{8626B03D-2C90-4230-AA03-7EAD41258D05}.AppStore|iPhoneSimulator.ActiveCfg = Release|Any CPU
		{8626B03D-2C90-4230-AA03-7EAD41258D05}.AppStore|iPhoneSimulator.Build.0 = Release|Any CPU
		{8626B03D-2C90-4230-AA03-7EAD41258D05}.AppStore|x64.ActiveCfg = Release|Any CPU
		{8626B03D-2C90-4230-AA03-7EAD41258D05}.AppStore|x64.Build.0 = Release|Any CPU
		{8626B03D-2C90-4230-AA03-7EAD41258D05}.AppStore|x86.ActiveCfg = Release|Any CPU
		{8626B03D-2C90-4230-AA03-7EAD41258D05}.AppStore|x86.Build.0 = Release|Any CPU
		{8626B03D-2C90-4230-AA03-7EAD41258D05}.Debug|Any CPU.ActiveCfg = Debug|Any CPU
		{8626B03D-2C90-4230-AA03-7EAD41258D05}.Debug|Any CPU.Build.0 = Debug|Any CPU
		{8626B03D-2C90-4230-AA03-7EAD41258D05}.Debug|ARM.ActiveCfg = Debug|Any CPU
		{8626B03D-2C90-4230-AA03-7EAD41258D05}.Debug|ARM.Build.0 = Debug|Any CPU
		{8626B03D-2C90-4230-AA03-7EAD41258D05}.Debug|iPhone.ActiveCfg = Debug|Any CPU
		{8626B03D-2C90-4230-AA03-7EAD41258D05}.Debug|iPhone.Build.0 = Debug|Any CPU
		{8626B03D-2C90-4230-AA03-7EAD41258D05}.Debug|iPhoneSimulator.ActiveCfg = Debug|Any CPU
		{8626B03D-2C90-4230-AA03-7EAD41258D05}.Debug|iPhoneSimulator.Build.0 = Debug|Any CPU
		{8626B03D-2C90-4230-AA03-7EAD41258D05}.Debug|x64.ActiveCfg = Debug|Any CPU
		{8626B03D-2C90-4230-AA03-7EAD41258D05}.Debug|x64.Build.0 = Debug|Any CPU
		{8626B03D-2C90-4230-AA03-7EAD41258D05}.Debug|x86.ActiveCfg = Debug|Any CPU
		{8626B03D-2C90-4230-AA03-7EAD41258D05}.Debug|x86.Build.0 = Debug|Any CPU
		{8626B03D-2C90-4230-AA03-7EAD41258D05}.Release|Any CPU.ActiveCfg = Release|Any CPU
		{8626B03D-2C90-4230-AA03-7EAD41258D05}.Release|Any CPU.Build.0 = Release|Any CPU
		{8626B03D-2C90-4230-AA03-7EAD41258D05}.Release|ARM.ActiveCfg = Release|Any CPU
		{8626B03D-2C90-4230-AA03-7EAD41258D05}.Release|ARM.Build.0 = Release|Any CPU
		{8626B03D-2C90-4230-AA03-7EAD41258D05}.Release|iPhone.ActiveCfg = Release|Any CPU
		{8626B03D-2C90-4230-AA03-7EAD41258D05}.Release|iPhone.Build.0 = Release|Any CPU
		{8626B03D-2C90-4230-AA03-7EAD41258D05}.Release|iPhoneSimulator.ActiveCfg = Release|Any CPU
		{8626B03D-2C90-4230-AA03-7EAD41258D05}.Release|iPhoneSimulator.Build.0 = Release|Any CPU
		{8626B03D-2C90-4230-AA03-7EAD41258D05}.Release|x64.ActiveCfg = Release|Any CPU
		{8626B03D-2C90-4230-AA03-7EAD41258D05}.Release|x64.Build.0 = Release|Any CPU
		{8626B03D-2C90-4230-AA03-7EAD41258D05}.Release|x86.ActiveCfg = Release|Any CPU
		{8626B03D-2C90-4230-AA03-7EAD41258D05}.Release|x86.Build.0 = Release|Any CPU
		{BD55A3AB-A75B-4B60-863E-AED5F466EF68}.Ad-Hoc|Any CPU.ActiveCfg = Release|Any CPU
		{BD55A3AB-A75B-4B60-863E-AED5F466EF68}.Ad-Hoc|Any CPU.Build.0 = Release|Any CPU
		{BD55A3AB-A75B-4B60-863E-AED5F466EF68}.Ad-Hoc|Any CPU.Deploy.0 = Release|Any CPU
		{BD55A3AB-A75B-4B60-863E-AED5F466EF68}.Ad-Hoc|ARM.ActiveCfg = Release|Any CPU
		{BD55A3AB-A75B-4B60-863E-AED5F466EF68}.Ad-Hoc|ARM.Build.0 = Release|Any CPU
		{BD55A3AB-A75B-4B60-863E-AED5F466EF68}.Ad-Hoc|ARM.Deploy.0 = Release|Any CPU
		{BD55A3AB-A75B-4B60-863E-AED5F466EF68}.Ad-Hoc|iPhone.ActiveCfg = Release|Any CPU
		{BD55A3AB-A75B-4B60-863E-AED5F466EF68}.Ad-Hoc|iPhone.Build.0 = Release|Any CPU
		{BD55A3AB-A75B-4B60-863E-AED5F466EF68}.Ad-Hoc|iPhone.Deploy.0 = Release|Any CPU
		{BD55A3AB-A75B-4B60-863E-AED5F466EF68}.Ad-Hoc|iPhoneSimulator.ActiveCfg = Release|Any CPU
		{BD55A3AB-A75B-4B60-863E-AED5F466EF68}.Ad-Hoc|iPhoneSimulator.Build.0 = Release|Any CPU
		{BD55A3AB-A75B-4B60-863E-AED5F466EF68}.Ad-Hoc|iPhoneSimulator.Deploy.0 = Release|Any CPU
		{BD55A3AB-A75B-4B60-863E-AED5F466EF68}.Ad-Hoc|x64.ActiveCfg = Release|Any CPU
		{BD55A3AB-A75B-4B60-863E-AED5F466EF68}.Ad-Hoc|x64.Build.0 = Release|Any CPU
		{BD55A3AB-A75B-4B60-863E-AED5F466EF68}.Ad-Hoc|x64.Deploy.0 = Release|Any CPU
		{BD55A3AB-A75B-4B60-863E-AED5F466EF68}.Ad-Hoc|x86.ActiveCfg = Release|Any CPU
		{BD55A3AB-A75B-4B60-863E-AED5F466EF68}.Ad-Hoc|x86.Build.0 = Release|Any CPU
		{BD55A3AB-A75B-4B60-863E-AED5F466EF68}.Ad-Hoc|x86.Deploy.0 = Release|Any CPU
		{BD55A3AB-A75B-4B60-863E-AED5F466EF68}.AppStore|Any CPU.ActiveCfg = Release|Any CPU
		{BD55A3AB-A75B-4B60-863E-AED5F466EF68}.AppStore|Any CPU.Build.0 = Release|Any CPU
		{BD55A3AB-A75B-4B60-863E-AED5F466EF68}.AppStore|Any CPU.Deploy.0 = Release|Any CPU
		{BD55A3AB-A75B-4B60-863E-AED5F466EF68}.AppStore|ARM.ActiveCfg = Release|Any CPU
		{BD55A3AB-A75B-4B60-863E-AED5F466EF68}.AppStore|ARM.Build.0 = Release|Any CPU
		{BD55A3AB-A75B-4B60-863E-AED5F466EF68}.AppStore|ARM.Deploy.0 = Release|Any CPU
		{BD55A3AB-A75B-4B60-863E-AED5F466EF68}.AppStore|iPhone.ActiveCfg = Release|Any CPU
		{BD55A3AB-A75B-4B60-863E-AED5F466EF68}.AppStore|iPhone.Build.0 = Release|Any CPU
		{BD55A3AB-A75B-4B60-863E-AED5F466EF68}.AppStore|iPhone.Deploy.0 = Release|Any CPU
		{BD55A3AB-A75B-4B60-863E-AED5F466EF68}.AppStore|iPhoneSimulator.ActiveCfg = Release|Any CPU
		{BD55A3AB-A75B-4B60-863E-AED5F466EF68}.AppStore|iPhoneSimulator.Build.0 = Release|Any CPU
		{BD55A3AB-A75B-4B60-863E-AED5F466EF68}.AppStore|iPhoneSimulator.Deploy.0 = Release|Any CPU
		{BD55A3AB-A75B-4B60-863E-AED5F466EF68}.AppStore|x64.ActiveCfg = Release|Any CPU
		{BD55A3AB-A75B-4B60-863E-AED5F466EF68}.AppStore|x64.Build.0 = Release|Any CPU
		{BD55A3AB-A75B-4B60-863E-AED5F466EF68}.AppStore|x64.Deploy.0 = Release|Any CPU
		{BD55A3AB-A75B-4B60-863E-AED5F466EF68}.AppStore|x86.ActiveCfg = Release|Any CPU
		{BD55A3AB-A75B-4B60-863E-AED5F466EF68}.AppStore|x86.Build.0 = Release|Any CPU
		{BD55A3AB-A75B-4B60-863E-AED5F466EF68}.AppStore|x86.Deploy.0 = Release|Any CPU
		{BD55A3AB-A75B-4B60-863E-AED5F466EF68}.Debug|Any CPU.ActiveCfg = Debug|Any CPU
		{BD55A3AB-A75B-4B60-863E-AED5F466EF68}.Debug|Any CPU.Build.0 = Debug|Any CPU
		{BD55A3AB-A75B-4B60-863E-AED5F466EF68}.Debug|Any CPU.Deploy.0 = Debug|Any CPU
		{BD55A3AB-A75B-4B60-863E-AED5F466EF68}.Debug|ARM.ActiveCfg = Debug|Any CPU
		{BD55A3AB-A75B-4B60-863E-AED5F466EF68}.Debug|ARM.Build.0 = Debug|Any CPU
		{BD55A3AB-A75B-4B60-863E-AED5F466EF68}.Debug|ARM.Deploy.0 = Debug|Any CPU
		{BD55A3AB-A75B-4B60-863E-AED5F466EF68}.Debug|iPhone.ActiveCfg = Debug|Any CPU
		{BD55A3AB-A75B-4B60-863E-AED5F466EF68}.Debug|iPhone.Build.0 = Debug|Any CPU
		{BD55A3AB-A75B-4B60-863E-AED5F466EF68}.Debug|iPhone.Deploy.0 = Debug|Any CPU
		{BD55A3AB-A75B-4B60-863E-AED5F466EF68}.Debug|iPhoneSimulator.ActiveCfg = Debug|Any CPU
		{BD55A3AB-A75B-4B60-863E-AED5F466EF68}.Debug|iPhoneSimulator.Build.0 = Debug|Any CPU
		{BD55A3AB-A75B-4B60-863E-AED5F466EF68}.Debug|iPhoneSimulator.Deploy.0 = Debug|Any CPU
		{BD55A3AB-A75B-4B60-863E-AED5F466EF68}.Debug|x64.ActiveCfg = Debug|Any CPU
		{BD55A3AB-A75B-4B60-863E-AED5F466EF68}.Debug|x64.Build.0 = Debug|Any CPU
		{BD55A3AB-A75B-4B60-863E-AED5F466EF68}.Debug|x64.Deploy.0 = Debug|Any CPU
		{BD55A3AB-A75B-4B60-863E-AED5F466EF68}.Debug|x86.ActiveCfg = Debug|Any CPU
		{BD55A3AB-A75B-4B60-863E-AED5F466EF68}.Debug|x86.Build.0 = Debug|Any CPU
		{BD55A3AB-A75B-4B60-863E-AED5F466EF68}.Debug|x86.Deploy.0 = Debug|Any CPU
		{BD55A3AB-A75B-4B60-863E-AED5F466EF68}.Release|Any CPU.ActiveCfg = Release|Any CPU
		{BD55A3AB-A75B-4B60-863E-AED5F466EF68}.Release|Any CPU.Build.0 = Release|Any CPU
		{BD55A3AB-A75B-4B60-863E-AED5F466EF68}.Release|Any CPU.Deploy.0 = Release|Any CPU
		{BD55A3AB-A75B-4B60-863E-AED5F466EF68}.Release|ARM.ActiveCfg = Release|Any CPU
		{BD55A3AB-A75B-4B60-863E-AED5F466EF68}.Release|ARM.Build.0 = Release|Any CPU
		{BD55A3AB-A75B-4B60-863E-AED5F466EF68}.Release|ARM.Deploy.0 = Release|Any CPU
		{BD55A3AB-A75B-4B60-863E-AED5F466EF68}.Release|iPhone.ActiveCfg = Release|Any CPU
		{BD55A3AB-A75B-4B60-863E-AED5F466EF68}.Release|iPhone.Build.0 = Release|Any CPU
		{BD55A3AB-A75B-4B60-863E-AED5F466EF68}.Release|iPhone.Deploy.0 = Release|Any CPU
		{BD55A3AB-A75B-4B60-863E-AED5F466EF68}.Release|iPhoneSimulator.ActiveCfg = Release|Any CPU
		{BD55A3AB-A75B-4B60-863E-AED5F466EF68}.Release|iPhoneSimulator.Build.0 = Release|Any CPU
		{BD55A3AB-A75B-4B60-863E-AED5F466EF68}.Release|iPhoneSimulator.Deploy.0 = Release|Any CPU
		{BD55A3AB-A75B-4B60-863E-AED5F466EF68}.Release|x64.ActiveCfg = Release|Any CPU
		{BD55A3AB-A75B-4B60-863E-AED5F466EF68}.Release|x64.Build.0 = Release|Any CPU
		{BD55A3AB-A75B-4B60-863E-AED5F466EF68}.Release|x64.Deploy.0 = Release|Any CPU
		{BD55A3AB-A75B-4B60-863E-AED5F466EF68}.Release|x86.ActiveCfg = Release|Any CPU
		{BD55A3AB-A75B-4B60-863E-AED5F466EF68}.Release|x86.Build.0 = Release|Any CPU
		{BD55A3AB-A75B-4B60-863E-AED5F466EF68}.Release|x86.Deploy.0 = Release|Any CPU
		{69241397-1C0E-4F52-BCA8-78E05CD812B1}.Ad-Hoc|Any CPU.ActiveCfg = Ad-Hoc|iPhone
		{69241397-1C0E-4F52-BCA8-78E05CD812B1}.Ad-Hoc|ARM.ActiveCfg = Ad-Hoc|iPhone
		{69241397-1C0E-4F52-BCA8-78E05CD812B1}.Ad-Hoc|iPhone.ActiveCfg = Ad-Hoc|iPhone
		{69241397-1C0E-4F52-BCA8-78E05CD812B1}.Ad-Hoc|iPhone.Build.0 = Ad-Hoc|iPhone
		{69241397-1C0E-4F52-BCA8-78E05CD812B1}.Ad-Hoc|iPhoneSimulator.ActiveCfg = Ad-Hoc|iPhoneSimulator
		{69241397-1C0E-4F52-BCA8-78E05CD812B1}.Ad-Hoc|iPhoneSimulator.Build.0 = Ad-Hoc|iPhoneSimulator
		{69241397-1C0E-4F52-BCA8-78E05CD812B1}.Ad-Hoc|x64.ActiveCfg = Ad-Hoc|iPhone
		{69241397-1C0E-4F52-BCA8-78E05CD812B1}.Ad-Hoc|x86.ActiveCfg = Ad-Hoc|iPhone
		{69241397-1C0E-4F52-BCA8-78E05CD812B1}.AppStore|Any CPU.ActiveCfg = AppStore|iPhone
		{69241397-1C0E-4F52-BCA8-78E05CD812B1}.AppStore|ARM.ActiveCfg = AppStore|iPhone
		{69241397-1C0E-4F52-BCA8-78E05CD812B1}.AppStore|iPhone.ActiveCfg = AppStore|iPhone
		{69241397-1C0E-4F52-BCA8-78E05CD812B1}.AppStore|iPhone.Build.0 = AppStore|iPhone
		{69241397-1C0E-4F52-BCA8-78E05CD812B1}.AppStore|iPhoneSimulator.ActiveCfg = AppStore|iPhoneSimulator
		{69241397-1C0E-4F52-BCA8-78E05CD812B1}.AppStore|iPhoneSimulator.Build.0 = AppStore|iPhoneSimulator
		{69241397-1C0E-4F52-BCA8-78E05CD812B1}.AppStore|x64.ActiveCfg = AppStore|iPhone
		{69241397-1C0E-4F52-BCA8-78E05CD812B1}.AppStore|x86.ActiveCfg = AppStore|iPhone
		{69241397-1C0E-4F52-BCA8-78E05CD812B1}.Debug|Any CPU.ActiveCfg = Debug|iPhone
		{69241397-1C0E-4F52-BCA8-78E05CD812B1}.Debug|ARM.ActiveCfg = Debug|iPhone
		{69241397-1C0E-4F52-BCA8-78E05CD812B1}.Debug|iPhone.ActiveCfg = Debug|iPhone
		{69241397-1C0E-4F52-BCA8-78E05CD812B1}.Debug|iPhone.Build.0 = Debug|iPhone
		{69241397-1C0E-4F52-BCA8-78E05CD812B1}.Debug|iPhoneSimulator.ActiveCfg = Debug|iPhoneSimulator
		{69241397-1C0E-4F52-BCA8-78E05CD812B1}.Debug|iPhoneSimulator.Build.0 = Debug|iPhoneSimulator
		{69241397-1C0E-4F52-BCA8-78E05CD812B1}.Debug|x64.ActiveCfg = Debug|iPhone
		{69241397-1C0E-4F52-BCA8-78E05CD812B1}.Debug|x86.ActiveCfg = Debug|iPhone
		{69241397-1C0E-4F52-BCA8-78E05CD812B1}.Release|Any CPU.ActiveCfg = Release|iPhone
		{69241397-1C0E-4F52-BCA8-78E05CD812B1}.Release|ARM.ActiveCfg = Release|iPhone
		{69241397-1C0E-4F52-BCA8-78E05CD812B1}.Release|iPhone.ActiveCfg = Release|iPhone
		{69241397-1C0E-4F52-BCA8-78E05CD812B1}.Release|iPhone.Build.0 = Release|iPhone
		{69241397-1C0E-4F52-BCA8-78E05CD812B1}.Release|iPhoneSimulator.ActiveCfg = Release|iPhoneSimulator
		{69241397-1C0E-4F52-BCA8-78E05CD812B1}.Release|iPhoneSimulator.Build.0 = Release|iPhoneSimulator
		{69241397-1C0E-4F52-BCA8-78E05CD812B1}.Release|x64.ActiveCfg = Release|iPhone
		{69241397-1C0E-4F52-BCA8-78E05CD812B1}.Release|x86.ActiveCfg = Release|iPhone
		{FBFC5C69-D815-4DAA-8CF4-02F19D1B7675}.Ad-Hoc|Any CPU.ActiveCfg = Release|x86
		{FBFC5C69-D815-4DAA-8CF4-02F19D1B7675}.Ad-Hoc|Any CPU.Build.0 = Release|x86
		{FBFC5C69-D815-4DAA-8CF4-02F19D1B7675}.Ad-Hoc|Any CPU.Deploy.0 = Release|x86
		{FBFC5C69-D815-4DAA-8CF4-02F19D1B7675}.Ad-Hoc|ARM.ActiveCfg = Release|ARM
		{FBFC5C69-D815-4DAA-8CF4-02F19D1B7675}.Ad-Hoc|ARM.Build.0 = Release|ARM
		{FBFC5C69-D815-4DAA-8CF4-02F19D1B7675}.Ad-Hoc|ARM.Deploy.0 = Release|ARM
		{FBFC5C69-D815-4DAA-8CF4-02F19D1B7675}.Ad-Hoc|iPhone.ActiveCfg = Release|x86
		{FBFC5C69-D815-4DAA-8CF4-02F19D1B7675}.Ad-Hoc|iPhone.Build.0 = Release|x86
		{FBFC5C69-D815-4DAA-8CF4-02F19D1B7675}.Ad-Hoc|iPhone.Deploy.0 = Release|x86
		{FBFC5C69-D815-4DAA-8CF4-02F19D1B7675}.Ad-Hoc|iPhoneSimulator.ActiveCfg = Release|x86
		{FBFC5C69-D815-4DAA-8CF4-02F19D1B7675}.Ad-Hoc|iPhoneSimulator.Build.0 = Release|x86
		{FBFC5C69-D815-4DAA-8CF4-02F19D1B7675}.Ad-Hoc|iPhoneSimulator.Deploy.0 = Release|x86
		{FBFC5C69-D815-4DAA-8CF4-02F19D1B7675}.Ad-Hoc|x64.ActiveCfg = Release|x64
		{FBFC5C69-D815-4DAA-8CF4-02F19D1B7675}.Ad-Hoc|x64.Build.0 = Release|x64
		{FBFC5C69-D815-4DAA-8CF4-02F19D1B7675}.Ad-Hoc|x64.Deploy.0 = Release|x64
		{FBFC5C69-D815-4DAA-8CF4-02F19D1B7675}.Ad-Hoc|x86.ActiveCfg = Release|x86
		{FBFC5C69-D815-4DAA-8CF4-02F19D1B7675}.Ad-Hoc|x86.Build.0 = Release|x86
		{FBFC5C69-D815-4DAA-8CF4-02F19D1B7675}.Ad-Hoc|x86.Deploy.0 = Release|x86
		{FBFC5C69-D815-4DAA-8CF4-02F19D1B7675}.AppStore|Any CPU.ActiveCfg = Release|x86
		{FBFC5C69-D815-4DAA-8CF4-02F19D1B7675}.AppStore|Any CPU.Build.0 = Release|x86
		{FBFC5C69-D815-4DAA-8CF4-02F19D1B7675}.AppStore|Any CPU.Deploy.0 = Release|x86
		{FBFC5C69-D815-4DAA-8CF4-02F19D1B7675}.AppStore|ARM.ActiveCfg = Release|ARM
		{FBFC5C69-D815-4DAA-8CF4-02F19D1B7675}.AppStore|ARM.Build.0 = Release|ARM
		{FBFC5C69-D815-4DAA-8CF4-02F19D1B7675}.AppStore|ARM.Deploy.0 = Release|ARM
		{FBFC5C69-D815-4DAA-8CF4-02F19D1B7675}.AppStore|iPhone.ActiveCfg = Release|x86
		{FBFC5C69-D815-4DAA-8CF4-02F19D1B7675}.AppStore|iPhone.Build.0 = Release|x86
		{FBFC5C69-D815-4DAA-8CF4-02F19D1B7675}.AppStore|iPhone.Deploy.0 = Release|x86
		{FBFC5C69-D815-4DAA-8CF4-02F19D1B7675}.AppStore|iPhoneSimulator.ActiveCfg = Release|x86
		{FBFC5C69-D815-4DAA-8CF4-02F19D1B7675}.AppStore|iPhoneSimulator.Build.0 = Release|x86
		{FBFC5C69-D815-4DAA-8CF4-02F19D1B7675}.AppStore|iPhoneSimulator.Deploy.0 = Release|x86
		{FBFC5C69-D815-4DAA-8CF4-02F19D1B7675}.AppStore|x64.ActiveCfg = Release|x64
		{FBFC5C69-D815-4DAA-8CF4-02F19D1B7675}.AppStore|x64.Build.0 = Release|x64
		{FBFC5C69-D815-4DAA-8CF4-02F19D1B7675}.AppStore|x64.Deploy.0 = Release|x64
		{FBFC5C69-D815-4DAA-8CF4-02F19D1B7675}.AppStore|x86.ActiveCfg = Release|x86
		{FBFC5C69-D815-4DAA-8CF4-02F19D1B7675}.AppStore|x86.Build.0 = Release|x86
		{FBFC5C69-D815-4DAA-8CF4-02F19D1B7675}.AppStore|x86.Deploy.0 = Release|x86
		{FBFC5C69-D815-4DAA-8CF4-02F19D1B7675}.Debug|Any CPU.ActiveCfg = Debug|x86
		{FBFC5C69-D815-4DAA-8CF4-02F19D1B7675}.Debug|Any CPU.Build.0 = Debug|x86
		{FBFC5C69-D815-4DAA-8CF4-02F19D1B7675}.Debug|Any CPU.Deploy.0 = Debug|x86
		{FBFC5C69-D815-4DAA-8CF4-02F19D1B7675}.Debug|ARM.ActiveCfg = Debug|ARM
		{FBFC5C69-D815-4DAA-8CF4-02F19D1B7675}.Debug|ARM.Build.0 = Debug|ARM
		{FBFC5C69-D815-4DAA-8CF4-02F19D1B7675}.Debug|ARM.Deploy.0 = Debug|ARM
		{FBFC5C69-D815-4DAA-8CF4-02F19D1B7675}.Debug|iPhone.ActiveCfg = Debug|x86
		{FBFC5C69-D815-4DAA-8CF4-02F19D1B7675}.Debug|iPhoneSimulator.ActiveCfg = Debug|x86
		{FBFC5C69-D815-4DAA-8CF4-02F19D1B7675}.Debug|x64.ActiveCfg = Debug|x64
		{FBFC5C69-D815-4DAA-8CF4-02F19D1B7675}.Debug|x64.Build.0 = Debug|x64
		{FBFC5C69-D815-4DAA-8CF4-02F19D1B7675}.Debug|x64.Deploy.0 = Debug|x64
		{FBFC5C69-D815-4DAA-8CF4-02F19D1B7675}.Debug|x86.ActiveCfg = Debug|x86
		{FBFC5C69-D815-4DAA-8CF4-02F19D1B7675}.Debug|x86.Build.0 = Debug|x86
		{FBFC5C69-D815-4DAA-8CF4-02F19D1B7675}.Debug|x86.Deploy.0 = Debug|x86
		{FBFC5C69-D815-4DAA-8CF4-02F19D1B7675}.Release|Any CPU.ActiveCfg = Release|x86
		{FBFC5C69-D815-4DAA-8CF4-02F19D1B7675}.Release|ARM.ActiveCfg = Release|ARM
		{FBFC5C69-D815-4DAA-8CF4-02F19D1B7675}.Release|ARM.Build.0 = Release|ARM
		{FBFC5C69-D815-4DAA-8CF4-02F19D1B7675}.Release|ARM.Deploy.0 = Release|ARM
		{FBFC5C69-D815-4DAA-8CF4-02F19D1B7675}.Release|iPhone.ActiveCfg = Release|x86
		{FBFC5C69-D815-4DAA-8CF4-02F19D1B7675}.Release|iPhoneSimulator.ActiveCfg = Release|x86
		{FBFC5C69-D815-4DAA-8CF4-02F19D1B7675}.Release|x64.ActiveCfg = Release|x64
		{FBFC5C69-D815-4DAA-8CF4-02F19D1B7675}.Release|x64.Build.0 = Release|x64
		{FBFC5C69-D815-4DAA-8CF4-02F19D1B7675}.Release|x64.Deploy.0 = Release|x64
		{FBFC5C69-D815-4DAA-8CF4-02F19D1B7675}.Release|x86.ActiveCfg = Release|x86
		{FBFC5C69-D815-4DAA-8CF4-02F19D1B7675}.Release|x86.Build.0 = Release|x86
		{FBFC5C69-D815-4DAA-8CF4-02F19D1B7675}.Release|x86.Deploy.0 = Release|x86
	EndGlobalSection
	GlobalSection(SolutionProperties) = preSolution
		HideSolutionNode = FALSE
	EndGlobalSection
	GlobalSection(ExtensibilityGlobals) = postSolution
		SolutionGuid = {592E73DC-9649-4236-B775-32C8342EEF9F}
	EndGlobalSection
EndGlobal
